# This file was autogenerated by Stack.
# You should not edit this file by hand.
# For more information, please see the documentation at:
#   https://docs.haskellstack.org/en/stable/lock_files

packages:
- completed:
    hackage: smtlib-backends-0.3@sha256:a947aead99f6a314833bddca9b502d5faea8d3bd2fc76ffb53c34d5c5b7557bc,1211
    pantry-tree:
      sha256: 97b88a647ac996808a93b2eab62e9e8574d9b9a451ee37a9103e209b63be012d
      size: 275
  original:
    hackage: smtlib-backends-0.3@sha256:a947aead99f6a314833bddca9b502d5faea8d3bd2fc76ffb53c34d5c5b7557bc,1211
- completed:
    hackage: smtlib-backends-process-0.3@sha256:caf131d3d6f6825e3a3182713130a8e14d0bd6530eeda643e8a511b546ff1a26,1676
    pantry-tree:
      sha256: 7147fef29b4270275168a285fc0c68784329d1276ab9e44e9a45f8d79b526220
      size: 461
  original:
    hackage: smtlib-backends-process-0.3@sha256:caf131d3d6f6825e3a3182713130a8e14d0bd6530eeda643e8a511b546ff1a26,1676
snapshots:
- completed:
    sha256: 8e7996960d864443a66eb4105338bbdd6830377b9f6f99cd5527ef73c10c01e7
    size: 719128
    url: https://raw.githubusercontent.com/commercialhaskell/stackage-snapshots/master/lts/22/26.yaml
  original: lts-22.26
